
Microsoft Visual Studio Solution File, Format Version 12.00
# Visual Studio Version 16
VisualStudioVersion = 16.0.30523.141
MinimumVisualStudioVersion = 10.0.40219.1
Project("{FAE04EC0-301F-11D3-BF4B-00C04F79EFBC}") = "TTLauncher", "TTLauncher\TTLauncher.csproj", "{EB846633-C2C0-4758-9530-188DA898296D}"
EndProject
Global
	GlobalSection(SolutionConfigurationPlatforms) = preSolution
		Debug|Any CPU = Debug|Any CPU
		Release|Any CPU = Release|Any CPU
	EndGlobalSection
	GlobalSection(ProjectConfigurationPlatforms) = postSolution
		{EB846633-C2C0-4758-9530-188DA898296D}.Debug|Any CPU.ActiveCfg = Debug|Any CPU
		{EB846633-C2C0-4758-9530-188DA898296D}.Debug|Any CPU.Build.0 = Debug|Any CPU
		{EB846633-C2C0-4758-9530-188DA898296D}.Release|Any CPU.ActiveCfg = Release|Any CPU
		{EB846633-C2C0-4758-9530-188DA898296D}.Release|Any CPU.Build.0 = Release|Any CPU
	EndGlobalSection
	GlobalSection(SolutionProperties) = preSolution
		HideSolutionNode = FALSE
	EndGlobalSection
	GlobalSection(ExtensibilityGlobals) = postSolution
		SolutionGuid = {0724E75A-1023-43F9-9869-12A78AA1B16F}
	EndGlobalSection
EndGlobal
